// !$*UTF8*$!
{
	archiveVersion = 1;
	classes = {
	};
	objectVersion = 77;
	objects = {

/* Begin PBXBuildFile section */
		3FE44F73B2C7143D49D7D983 /* SystemInfoCollector.m in Sources */ = {isa = PBXBuildFile; fileRef = 910E4352B276FBE9F8D26AE5 /* SystemInfoCollector.m */; };
		E1DE4B449C493839CEB92745 /* TaskRunnerTests.m in Sources */ = {isa = PBXBuildFile; fileRef = CE304DE3A397C1E970D4651B /* TaskRunnerTests.m */; };
		E1DE4B450C493839CEB92746 /* SystemInfoCollectorTests.m in Sources */ = {isa = PBXBuildFile; fileRef = CE304DE4A397C1E970D4651C /* SystemInfoCollectorTests.m */; };
/* End PBXBuildFile section */

/* Begin PBXContainerItemProxy section */
		8FBCA05C2E373A25005C31FE /* PBXContainerItemProxy */ = {
			isa = PBXContainerItemProxy;
			containerPortal = 8F08779A2E36FE4C00A02DB3 /* Project object */;
			proxyType = 1;
			remoteGlobalIDString = 8F0877A12E36FE4C00A02DB3;
			remoteInfo = macPEAS;
		};
/* End PBXContainerItemProxy section */

/* Begin PBXFileReference section */
		8F0877A22E36FE4C00A02DB3 /* macPEAS.app */ = {isa = PBXFileReference; explicitFileType = wrapper.application; includeInIndex = 0; path = macPEAS.app; sourceTree = BUILT_PRODUCTS_DIR; };
		8FBC9F382E373096005C31FE /* TaskRunnerTests.m */ = {isa = PBXFileReference; lastKnownFileType = sourcecode.c.objc; path = TaskRunnerTests.m; sourceTree = "<group>"; };
		8FBCA0582E373A25005C31FE /* macPEASTests.xctest */ = {isa = PBXFileReference; explicitFileType = wrapper.cfbundle; includeInIndex = 0; path = macPEASTests.xctest; sourceTree = BUILT_PRODUCTS_DIR; };
		910E4352B276FBE9F8D26AE4 /* SystemInfoCollector.h */ = {isa = PBXFileReference; lastKnownFileType = sourcecode.c.h; path = macPEAS/Collectors/SystemInfoCollector.h; sourceTree = SOURCE_ROOT; };
		910E4352B276FBE9F8D26AE5 /* SystemInfoCollector.m */ = {isa = PBXFileReference; lastKnownFileType = sourcecode.c.objc; path = macPEAS/Collectors/SystemInfoCollector.m; sourceTree = SOURCE_ROOT; };
		CE304DE3A397C1E970D4651B /* TaskRunnerTests.m */ = {isa = PBXFileReference; lastKnownFileType = sourcecode.c.objc; name = TaskRunnerTests.m; path = macPEASTests/TaskRunnerTests.m; sourceTree = SOURCE_ROOT; };
		CE304DE4A397C1E970D4651C /* SystemInfoCollectorTests.m */ = {isa = PBXFileReference; lastKnownFileType = sourcecode.c.objc; name = SystemInfoCollectorTests.m; path = macPEASTests/SystemInfoCollectorTests.m; sourceTree = SOURCE_ROOT; };
/* End PBXFileReference section */

/* Begin PBXFrameworksBuildPhase section */
		8F08779F2E36FE4C00A02DB3 /* Frameworks */ = {
			isa = PBXFrameworksBuildPhase;
			buildActionMask = 2147483647;
			files = (
			);
			runOnlyForDeploymentPostprocessing = 0;
		};
		8FBCA0552E373A25005C31FE /* Frameworks */ = {
			isa = PBXFrameworksBuildPhase;
			buildActionMask = 2147483647;
			files = (
			);
			runOnlyForDeploymentPostprocessing = 0;
		};
/* End PBXFrameworksBuildPhase section */

/* Begin PBXGroup section */
		8F0877992E36FE4C00A02DB3 = {
			isa = PBXGroup;
			children = (
				8FBC9F392E373096005C31FE /* macPEASTests */,
				8F0877A32E36FE4C00A02DB3 /* Products */,
			);
			sourceTree = "<group>";
		};
		8F0877A32E36FE4C00A02DB3 /* Products */ = {
			isa = PBXGroup;
			children = (
				8F0877A22E36FE4C00A02DB3 /* macPEAS.app */,
				8FBCA0582E373A25005C31FE /* macPEASTests.xctest */,
			);
			name = Products;
			sourceTree = "<group>";
		};
		8FBC9F392E373096005C31FE /* macPEASTests */ = {
			isa = PBXGroup;
			children = (
				CE304DE3A397C1E970D4651B /* TaskRunnerTests.m */,
				CE304DE4A397C1E970D4651C /* SystemInfoCollectorTests.m */,
			);
			path = macPEASTests;
			sourceTree = "<group>";
		};
/* End PBXGroup section */

/* Begin PBXNativeTarget section */
		8F0877A12E36FE4C00A02DB3 /* macPEAS */ = {
			isa = PBXNativeTarget;
			buildConfigurationList = 8F0877B52E36FE4E00A02DB3 /* Build configuration list for PBXNativeTarget "macPEAS" */;
			buildPhases = (
				8F08779E2E36FE4C00A02DB3 /* Sources */,
				8F08779F2E36FE4C00A02DB3 /* Frameworks */,
			);
			buildRules = (
			);
			dependencies = (
			);
			name = macPEAS;
			productName = macPEAS;
			productReference = 8F0877A22E36FE4C00A02DB3 /* macPEAS.app */;
			productType = "com.apple.product-type.application";
		};
		8FBCA0572E373A25005C31FE /* macPEASTests */ = {
			isa = PBXNativeTarget;
			buildConfigurationList = 8FBCA05E2E373A25005C31FE /* Build configuration list for PBXNativeTarget "macPEASTests" */;
			buildPhases = (
				8FBCA0542E373A25005C31FE /* Sources */,
				8FBCA0552E373A25005C31FE /* Frameworks */,
			);
			buildRules = (
			);
			dependencies = (
				8FBCA05D2E373A25005C31FE /* PBXTargetDependency */,
			);
			name = macPEASTests;
			productName = macPEASTests;
			productReference = 8FBCA0582E373A25005C31FE /* macPEASTests.xctest */;
			productType = "com.apple.product-type.bundle.unit-test";
		};
/* End PBXNativeTarget section */

/* Begin PBXProject section */
		8F08779A2E36FE4C00A02DB3 /* Project object */ = {
			isa = PBXProject;
			buildConfigurationList = 8F08779D2E36FE4C00A02DB3 /* Build configuration list for PBXProject "macPEAS" */;
			hasScannedForEncodings = 0;
			mainGroup = 8F0877992E36FE4C00A02DB3;
			productRefGroup = 8F0877A32E36FE4C00A02DB3 /* Products */;
			projectDirPath = "";
			projectRoot = "";
			targets = (
				8F0877A12E36FE4C00A02DB3 /* macPEAS */,
				8FBCA0572E373A25005C31FE /* macPEASTests */,
			);
		};
/* End PBXProject section */

/* Begin PBXSourcesBuildPhase section */
		8F08779E2E36FE4C00A02DB3 /* Sources */ = {
			isa = PBXSourcesBuildPhase;
			buildActionMask = 2147483647;
			files = (
				3FE44F73B2C7143D49D7D983 /* SystemInfoCollector.m in Sources */,
			);
			runOnlyForDeploymentPostprocessing = 0;
		};
		8FBCA0542E373A25005C31FE /* Sources */ = {
			isa = PBXSourcesBuildPhase;
			buildActionMask = 2147483647;
			files = (
				E1DE4B449C493839CEB92745 /* TaskRunnerTests.m in Sources */,
				E1DE4B450C493839CEB92746 /* SystemInfoCollectorTests.m in Sources */,
			);
			runOnlyForDeploymentPostprocessing = 0;
		};
/* End PBXSourcesBuildPhase section */

/* Begin PBXTargetDependency section */
		8FBCA05D2E373A25005C31FE /* PBXTargetDependency */ = {
			isa = PBXTargetDependency;
			target = 8F0877A12E36FE4C00A02DB3 /* macPEAS */;
			targetProxy = 8FBCA05C2E373A25005C31FE /* PBXContainerItemProxy */;
		};
/* End PBXTargetDependency section */

/* Begin XCBuildConfiguration section */
		8F0877B32E36FE4E00A02DB3 /* Debug */ = {
			isa = XCBuildConfiguration;
			buildSettings = {
				PRODUCT_BUNDLE_IDENTIFIER = "bwt.macPEAS";
			};
			name = Debug;
		};
		8F0877B42E36FE4E00A02DB3 /* Release */ = {
			isa = XCBuildConfiguration;
			buildSettings = {
				PRODUCT_BUNDLE_IDENTIFIER = "bwt.macPEAS";
			};
			name = Release;
		};
		8F0877B62E36FE4E00A02DB3 /* Debug */ = {
			isa = XCBuildConfiguration;
			buildSettings = {
			};
			name = Debug;
		};
		8F0877B72E36FE4E00A02DB3 /* Release */ = {
			isa = XCBuildConfiguration;
			buildSettings = {
			};
			name = Release;
		};
		8FBCA05F2E373A25005C31FE /* Debug */ = {
			isa = XCBuildConfiguration;
			buildSettings = {
				PRODUCT_BUNDLE_IDENTIFIER = "bwt.macPEASTests";
			};
			name = Debug;
		};
		8FBCA0602E373A25005C31FE /* Release */ = {
			isa = XCBuildConfiguration;
			buildSettings = {
				PRODUCT_BUNDLE_IDENTIFIER = "bwt.macPEASTests";
			};
			name = Release;
		};
/* End XCBuildConfiguration section */

/* Begin XCConfigurationList section */
		8F08779D2E36FE4C00A02DB3 /* Build configuration list for PBXProject "macPEAS" */ = {
			isa = XCConfigurationList;
			buildConfigurations = (
				8F0877B32E36FE4E00A02DB3 /* Debug */,
				8F0877B42E36FE4E00A02DB3 /* Release */,
			);
			defaultConfigurationIsVisible = 0;
			defaultConfigurationName = Release;
		};
		8F0877B52E36FE4E00A02DB3 /* Build configuration list for PBXNativeTarget "macPEAS" */ = {
			isa = XCConfigurationList;
			buildConfigurations = (
				8F0877B62E36FE4E00A02DB3 /* Debug */,
				8F0877B72E36FE4E00A02DB3 /* Release */,
			);
			defaultConfigurationIsVisible = 0;
			defaultConfigurationName = Release;
		};
		8FBCA05E2E373A25005C31FE /* Build configuration list for PBXNativeTarget "macPEASTests" */ = {
			isa = XCConfigurationList;
			buildConfigurations = (
				8FBCA05F2E373A25005C31FE /* Debug */,
				8FBCA0602E373A25005C31FE /* Release */,
			);
			defaultConfigurationIsVisible = 0;
			defaultConfigurationName = Release;
		};
/* End XCConfigurationList section */
	};
	rootObject = 8F08779A2E36FE4C00A02DB3 /* Project object */;
}
